
Microsoft Visual Studio Solution File, Format Version 12.00
Project("{FAE04EC0-301F-11D3-BF4B-00C04F79EFBC}") = "fabsi.Dotnet.OverloadingOperators", "fabsi.Dotnet.OverloadingOperators\fabsi.Dotnet.OverloadingOperators.csproj", "{7EAA0EC2-D5D6-413F-A6C9-BA6266E88FB6}"
EndProject
Project("{FAE04EC0-301F-11D3-BF4B-00C04F79EFBC}") = "fabsi.Dotnet.TypeConversion", "fabsi.Dotnet.TypeConversion\fabsi.Dotnet.TypeConversion.csproj", "{45F77656-607D-41A0-A952-053A6B9E0542}"
EndProject
Project("{FAE04EC0-301F-11D3-BF4B-00C04F79EFBC}") = "fabsi.Dotnet.Extern", "fabsi.Dotnet.Extern\fabsi.Dotnet.Extern.csproj", "{45E96D1E-FAD9-4D4C-BACB-3CE2177AF0EF}"
EndProject
Project("{FAE04EC0-301F-11D3-BF4B-00C04F79EFBC}") = "fabsi.Dotnet.Fixed", "fabsi.Dotnet.Fixed\fabsi.Dotnet.Fixed.csproj", "{7848673B-8876-4BF3-B4A1-E4224D156889}"
EndProject
Project("{FAE04EC0-301F-11D3-BF4B-00C04F79EFBC}") = "fabsi.Dotnet.Iterator", "fabsi.Dotnet.Iterator\fabsi.Dotnet.Iterator.csproj", "{48FD1192-8B1B-47C9-8E99-02E18C87EE11}"
EndProject
Project("{FAE04EC0-301F-11D3-BF4B-00C04F79EFBC}") = "fabsi.Dotnet.Lock", "fabsi.Dotnet.Lock\fabsi.Dotnet.Lock.csproj", "{44553565-0652-4344-BB9A-E2A3C368B782}"
EndProject
Project("{FAE04EC0-301F-11D3-BF4B-00C04F79EFBC}") = "fabsi.Dotnet.Out", "fabsi.Dotnet.Out\fabsi.Dotnet.Out.csproj", "{BEB36087-C894-4546-BCA8-C762F91B9166}"
EndProject
Project("{FAE04EC0-301F-11D3-BF4B-00C04F79EFBC}") = "fabsi.Dotnet.Override", "fabsi.Dotnet.Override\fabsi.Dotnet.Override.csproj", "{650748FD-982E-471E-ABEA-8A9D679D0285}"
EndProject
Project("{FAE04EC0-301F-11D3-BF4B-00C04F79EFBC}") = "fabsi.Dotnet.Ref", "fabsi.Dotnet.Ref\fabsi.Dotnet.Ref.csproj", "{4B050F50-A5D4-479F-9348-DB310BEE8652}"
EndProject
Project("{FAE04EC0-301F-11D3-BF4B-00C04F79EFBC}") = "fabsi.Dotnet.Sealed", "fabsi.Dotnet.Sealed\fabsi.Dotnet.Sealed.csproj", "{0AB2B6BE-35A9-4E4B-9FDC-38539EC955D8}"
EndProject
Project("{FAE04EC0-301F-11D3-BF4B-00C04F79EFBC}") = "fabsi.Dotnet.SizeofTypes", "fabsi.Dotnet.SizeofTypes\fabsi.Dotnet.SizeofTypes.csproj", "{738E725B-BC3A-4FFA-9D27-296A6C073F72}"
EndProject
Project("{FAE04EC0-301F-11D3-BF4B-00C04F79EFBC}") = "fabsi.Dotnet.Struct", "fabsi.Dotnet.Struct\fabsi.Dotnet.Struct.csproj", "{6C6A803F-9310-4301-B728-5A146896B4F3}"
EndProject
Project("{FAE04EC0-301F-11D3-BF4B-00C04F79EFBC}") = "fabsi.Dotnet.Checked", "fabsi.Dotnet.Checked\fabsi.Dotnet.Checked.csproj", "{80AF870D-DA42-4FE8-8004-89C6FF1A0E16}"
EndProject
Project("{FAE04EC0-301F-11D3-BF4B-00C04F79EFBC}") = "fabsi.Dotnet.Unsafe", "fabsi.Dotnet.Unsafe\fabsi.Dotnet.Unsafe.csproj", "{2CD27CA2-DC35-4A10-848E-BB116E66A448}"
EndProject
Project("{FAE04EC0-301F-11D3-BF4B-00C04F79EFBC}") = "fabsi.Dotnet.Virtual", "fabsi.Dotnet.Virtual\fabsi.Dotnet.Virtual.csproj", "{39E57E37-7BC5-4695-818A-6D2B2D221E86}"
EndProject
Project("{FAE04EC0-301F-11D3-BF4B-00C04F79EFBC}") = "fabsi.Dotnet.Volatile", "fabsi.Dotnet.Volatile\fabsi.Dotnet.Volatile.csproj", "{037ADE7E-0C08-4A02-8B6C-10FFAD489AC0}"
EndProject
Project("{FAE04EC0-301F-11D3-BF4B-00C04F79EFBC}") = "fabsi.Dotnet.With", "fabsi.Dotnet.With\fabsi.Dotnet.With.csproj", "{54CA0EB6-3CB7-40D4-9099-7098CFF92E7E}"
EndProject
Project("{FAE04EC0-301F-11D3-BF4B-00C04F79EFBC}") = "fabsi.Dotnet.Yield", "fabsi.Dotnet.Yield\fabsi.Dotnet.Yield.csproj", "{AF5D62E2-F737-49F6-B8A5-F508666104B2}"
EndProject
Project("{FAE04EC0-301F-11D3-BF4B-00C04F79EFBC}") = "fabsi.Dotnet.Record", "fabsi.Dotnet.Record\fabsi.Dotnet.Record.csproj", "{B853CFA3-7AE8-48A2-A409-570FEA67B244}"
EndProject
Project("{FAE04EC0-301F-11D3-BF4B-00C04F79EFBC}") = "fabsi.Dotnet.Partial", "fabsi.Dotnet.Partial\fabsi.Dotnet.Partial.csproj", "{763293FC-E487-4FE2-9795-F5CD926AC915}"
EndProject
Project("{FAE04EC0-301F-11D3-BF4B-00C04F79EFBC}") = "fabsi.Dotnet.Remove", "fabsi.Dotnet.Remove\fabsi.Dotnet.Remove.csproj", "{C196BED2-735A-40F4-A5F2-956C3262E74F}"
EndProject
Project("{FAE04EC0-301F-11D3-BF4B-00C04F79EFBC}") = "fabsi.Dotnet.Events", "fabsi.Dotnet.Events\fabsi.Dotnet.Events.csproj", "{BCF5CE2E-BC99-411A-884D-2CC14CACC9D8}"
EndProject
Project("{FAE04EC0-301F-11D3-BF4B-00C04F79EFBC}") = "fabsi.Dotnet.Required", "fabsi.Dotnet.Required\fabsi.Dotnet.Required.csproj", "{D640FF72-9609-4D10-8371-199FF1C20D2D}"
EndProject
Project("{FAE04EC0-301F-11D3-BF4B-00C04F79EFBC}") = "fabsi.Dotnet.Linq", "fabsi.Dotnet.Linq\fabsi.Dotnet.Linq.csproj", "{DB44A765-1E32-462D-9A72-777386585EC2}"
EndProject
Project("{FAE04EC0-301F-11D3-BF4B-00C04F79EFBC}") = "fabsi.Dotnet.FloatingNumbers", "fabsi.Dotnet.FloatingNumbers\fabsi.Dotnet.FloatingNumbers.csproj", "{FDFD561D-EBD8-4301-9D1C-77B4CC838451}"
EndProject
Project("{FAE04EC0-301F-11D3-BF4B-00C04F79EFBC}") = "fabsi.Dotnet.Tasks", "fabsi.Dotnet.Tasks\fabsi.Dotnet.Tasks.csproj", "{DE6E4ECC-6D93-42BC-8E91-6B79D014679B}"
EndProject
Project("{FAE04EC0-301F-11D3-BF4B-00C04F79EFBC}") = "fabsi.Dotnet.Expressions", "fabsi.Dotnet.Expressions\fabsi.Dotnet.Expressions.csproj", "{92807DC8-F38B-44E2-AE6A-5AD7E1BF0BE9}"
EndProject
Project("{FAE04EC0-301F-11D3-BF4B-00C04F79EFBC}") = "fabsi.Dotnet.Using", "fabsi.Dotnet.Using\fabsi.Dotnet.Using.csproj", "{A0CBDD35-807C-466A-8FFE-24AEBDBE04C3}"
EndProject
Project("{FAE04EC0-301F-11D3-BF4B-00C04F79EFBC}") = "fabsi.Dotnet.TimerExample", "fabsi.Dotnet.TimerExample\fabsi.Dotnet.TimerExample.csproj", "{BE2B9916-6365-4768-A2A2-4B4BF7E5FD91}"
EndProject
Project("{FAE04EC0-301F-11D3-BF4B-00C04F79EFBC}") = "fabsi.Dotnet.NamedPipe", "fabsi.Dotnet.NamedPipe\fabsi.Dotnet.NamedPipe.csproj", "{56EE73B6-73D4-4326-A600-4DB70EAF8D1E}"
EndProject
Project("{FAE04EC0-301F-11D3-BF4B-00C04F79EFBC}") = "fabsi.Dotnet.Email.Sample", "fabsi.Dotnet.Email.Sample\fabsi.Dotnet.Email.Sample.csproj", "{25DC7581-3C0E-4C92-920D-3F7DB625D9DD}"
EndProject
Project("{2150E333-8FDC-42A3-9474-1A3956D46DE8}") = "fabsi.Dotnet.CSharp", "fabsi.Dotnet.CSharp", "{6492359D-9666-4079-B8C7-7D7BDD9E4682}"
EndProject
Project("{2150E333-8FDC-42A3-9474-1A3956D46DE8}") = "fabsi.Dotnet.Nuget", "fabsi.Dotnet.Nuget", "{6BD676ED-7014-4E30-B8BD-B17FFD831D10}"
EndProject
Project("{FAE04EC0-301F-11D3-BF4B-00C04F79EFBC}") = "fabsi.Dotnet.Bluetooth.Sample", "fabsi.Dotnet.Bluetooth.Sample\fabsi.Dotnet.Bluetooth.Sample.csproj", "{5C349FFC-42D2-410A-BE1A-CDEB0F3A2D62}"
EndProject
Project("{2150E333-8FDC-42A3-9474-1A3956D46DE8}") = "fabsi.Dotnet.UI", "fabsi.Dotnet.UI", "{9F7EC9D1-3300-47D7-A965-FA8FDA428BC9}"
EndProject
Project("{2150E333-8FDC-42A3-9474-1A3956D46DE8}") = "fabsi.Dotnet.Windows", "fabsi.Dotnet.Windows", "{0978106D-59DA-4C93-91FD-14C346895A70}"
EndProject
Project("{2150E333-8FDC-42A3-9474-1A3956D46DE8}") = "fabsi.Dotnet.Universal", "fabsi.Dotnet.Universal", "{7D88DCDF-3E77-4EBD-BA06-CF7DB8C85897}"
EndProject
Project("{FAE04EC0-301F-11D3-BF4B-00C04F79EFBC}") = "fabsi.Dotnet.UI.Wpf.Sample", "fabsi.Dotnet.UI.Wpf.Sample\fabsi.Dotnet.UI.Wpf.Sample.csproj", "{5B97F7CC-5585-4FC9-871B-6E1F9D5E17C7}"
EndProject
Project("{2150E333-8FDC-42A3-9474-1A3956D46DE8}") = "fabsi.Dotnet.UI.Wpf", "fabsi.Dotnet.UI.Wpf", "{A44F8096-6056-4A9B-BFB4-D9A6B74089A3}"
EndProject
Project("{2150E333-8FDC-42A3-9474-1A3956D46DE8}") = "fabsi.Dotnet.UI.Maui", "fabsi.Dotnet.UI.Maui", "{33BFA4A0-57E3-4495-B271-0C79B50AF6D9}"
EndProject
Project("{2150E333-8FDC-42A3-9474-1A3956D46DE8}") = "fabsi.Dotnet.UI.WinForms", "fabsi.Dotnet.UI.WinForms", "{FF833F60-B542-4E00-AA07-0A8530A06BB2}"
EndProject
Project("{2150E333-8FDC-42A3-9474-1A3956D46DE8}") = "fabsi.Dotnet.UI.Xamarin", "fabsi.Dotnet.UI.Xamarin", "{8ED860A4-16FB-422E-8645-87301B88003E}"
EndProject
Project("{FAE04EC0-301F-11D3-BF4B-00C04F79EFBC}") = "fabsi.Dotnet.Service.Sample", "fabsi.Dotnet.Service.Sample\fabsi.Dotnet.Service.Sample.csproj", "{21F35CAB-82A2-4376-A0C1-7740F53D2093}"
EndProject
Project("{FAE04EC0-301F-11D3-BF4B-00C04F79EFBC}") = "fabsi.Dotnet.Printer.Sample", "fabsi.Dotnet.Printer.Sample\fabsi.Dotnet.Printer.Sample.csproj", "{185F787B-F9D5-4C63-BA05-7164EB3618FF}"
EndProject
Project("{2150E333-8FDC-42A3-9474-1A3956D46DE8}") = "fabsi.Dotnet.Nuget.Formats", "fabsi.Dotnet.Nuget.Formats", "{C91DD0BB-6002-4089-B1AF-B65BDD4F4CC5}"
EndProject
Project("{FAE04EC0-301F-11D3-BF4B-00C04F79EFBC}") = "fabsi.Dotnet.Nuget.Formats.Json.Sample", "fabsi.Dotnet.Nuget.Formats.Json.Sample\fabsi.Dotnet.Nuget.Formats.Json.Sample.csproj", "{C6E2C1E1-AD51-4A35-BE34-A7D6EE529094}"
EndProject
Project("{FAE04EC0-301F-11D3-BF4B-00C04F79EFBC}") = "fabsi.Dotnet.Nuget.Formats.Xml.Sample", "fabsi.Dotnet.Nuget.Formats.Xml.Sample\fabsi.Dotnet.Nuget.Formats.Xml.Sample.csproj", "{9F312604-21E6-4659-84BA-27F7C4F7D10B}"
EndProject
Project("{FAE04EC0-301F-11D3-BF4B-00C04F79EFBC}") = "fabsi.Dotnet.Nuget.Formats.Html.Sample", "fabsi.Dotnet.Nuget.Formats.Html.Sample\fabsi.Dotnet.Nuget.Formats.Html.Sample.csproj", "{05A8CB57-0B34-48B9-88AB-D1AA50E56330}"
EndProject
Project("{FAE04EC0-301F-11D3-BF4B-00C04F79EFBC}") = "fabsi.Dotnet.Nuget.Formats.Csv.Sample", "fabsi.Dotnet.Nuget.Formats.Csv.Sample\fabsi.Dotnet.Nuget.Formats.Csv.Sample.csproj", "{618DF542-418D-41F0-B71E-88FA428E9D51}"
EndProject
Project("{FAE04EC0-301F-11D3-BF4B-00C04F79EFBC}") = "fabsi.Dotnet.Nuget.Formats.Xls.Sample", "fabsi.Dotnet.Nuget.Formats.Xls.Sample\fabsi.Dotnet.Nuget.Formats.Xls.Sample.csproj", "{D8DDF3F4-748B-4C5C-B4A7-789887EACD78}"
EndProject
Project("{FAE04EC0-301F-11D3-BF4B-00C04F79EFBC}") = "fabsi.Dotnet.UI.WinForms.Sample", "fabsi.Dotnet.UI.WinForms.Sample\fabsi.Dotnet.UI.WinForms.Sample.csproj", "{AA4BE7AA-5137-470B-8ADE-916DB58EF2CE}"
EndProject
Project("{FAE04EC0-301F-11D3-BF4B-00C04F79EFBC}") = "fabsi.Dotnet.UI.Xamarin.Sample", "fabsi.Dotnet.UI.Xamarin.Sample\fabsi.Dotnet.UI.Xamarin.Sample\fabsi.Dotnet.UI.Xamarin.Sample.csproj", "{A4AC6A10-CB6D-4FED-848B-D7E24F86D0BC}"
EndProject
Project("{FAE04EC0-301F-11D3-BF4B-00C04F79EFBC}") = "fabsi.Dotnet.UI.Xamarin.Sample.Droid", "fabsi.Dotnet.UI.Xamarin.Sample\fabsi.Dotnet.UI.Xamarin.Sample.Droid\fabsi.Dotnet.UI.Xamarin.Sample.Droid.csproj", "{D428397E-E392-4469-ADF5-D09B824D61F0}"
EndProject
Project("{FAE04EC0-301F-11D3-BF4B-00C04F79EFBC}") = "fabsi.Dotnet.UI.Xamarin.Sample.iOS", "fabsi.Dotnet.UI.Xamarin.Sample\fabsi.Dotnet.UI.Xamarin.Sample.iOS\fabsi.Dotnet.UI.Xamarin.Sample.iOS.csproj", "{B75456C4-C17C-4E45-81AB-C8ABA61F91BE}"
EndProject
Project("{FAE04EC0-301F-11D3-BF4B-00C04F79EFBC}") = "fabsi.Dotnet.UI.Maui.Sample", "fabsi.Dotnet.UI.Maui.Sample\fabsi.Dotnet.UI.Maui.Sample.csproj", "{8D7D8B99-C19D-4E85-A349-68E4067057B3}"
EndProject
Project("{2150E333-8FDC-42A3-9474-1A3956D46DE8}") = "fabsi.Dotnet.Web", "fabsi.Dotnet.Web", "{B3BA0582-7277-4337-854F-D818B8072391}"
EndProject
Project("{FAE04EC0-301F-11D3-BF4B-00C04F79EFBC}") = "fabsi.Dotnet.Web.BlazorWasm.Sample", "fabsi.Dotnet.Web.BlazorWasm.Sample\fabsi.Dotnet.Web.BlazorWasm.Sample.csproj", "{820D9472-90AF-4E2E-B0D0-4C6F52BE06D2}"
EndProject
Project("{FAE04EC0-301F-11D3-BF4B-00C04F79EFBC}") = "fabsi.Dotnet.Web.BlazorServer.Sample", "fabsi.Dotnet.Web.BlazorServer.Sample\fabsi.Dotnet.Web.BlazorServer.Sample.csproj", "{C628197A-9913-44D8-954B-E8A40CFC3860}"
EndProject
Project("{FAE04EC0-301F-11D3-BF4B-00C04F79EFBC}") = "fabsi.Dotnet.Web.AspNet.Sample", "fabsi.Dotnet.Web.AspNet.Sample\fabsi.Dotnet.Web.AspNet.Sample.csproj", "{0B631D16-AB24-411C-A0FB-6A085CBB8ACD}"
EndProject
Project("{FAE04EC0-301F-11D3-BF4B-00C04F79EFBC}") = "fabsi.Dotnet.Web.OData.Sample", "fabsi.Dotnet.Web.OData.Sample\fabsi.Dotnet.Web.OData.Sample.csproj", "{8F7A702B-97D0-420C-9696-3AC1339C540F}"
EndProject
Project("{2150E333-8FDC-42A3-9474-1A3956D46DE8}") = "fabsi.Dotnet.Universal.Database", "fabsi.Dotnet.Universal.Database", "{3F7976A5-38A3-4294-8756-92EFE74F2A2B}"
EndProject
Project("{FAE04EC0-301F-11D3-BF4B-00C04F79EFBC}") = "fabsi.Dotnet.Universal.Database.EfCore.Sample", "fabsi.Dotnet.Universal.Database.EfCore.Sample\fabsi.Dotnet.Universal.Database.EfCore.Sample.csproj", "{1A267735-A6F3-4CCC-8D92-5D50A3E90689}"
EndProject
Project("{FAE04EC0-301F-11D3-BF4B-00C04F79EFBC}") = "fabsi.Dotnet.Web.OData.Benchmark", "fabsi.Dotnet.Web.OData.Benchmark\fabsi.Dotnet.Web.OData.Benchmark.csproj", "{4A11FD23-B957-42B8-851A-2C2431162453}"
EndProject
Global
	GlobalSection(SolutionConfigurationPlatforms) = preSolution
		Debug|Any CPU = Debug|Any CPU
		Release|Any CPU = Release|Any CPU
	EndGlobalSection
	GlobalSection(ProjectConfigurationPlatforms) = postSolution
		{7EAA0EC2-D5D6-413F-A6C9-BA6266E88FB6}.Debug|Any CPU.ActiveCfg = Debug|Any CPU
		{7EAA0EC2-D5D6-413F-A6C9-BA6266E88FB6}.Debug|Any CPU.Build.0 = Debug|Any CPU
		{7EAA0EC2-D5D6-413F-A6C9-BA6266E88FB6}.Release|Any CPU.ActiveCfg = Release|Any CPU
		{7EAA0EC2-D5D6-413F-A6C9-BA6266E88FB6}.Release|Any CPU.Build.0 = Release|Any CPU
		{45F77656-607D-41A0-A952-053A6B9E0542}.Debug|Any CPU.ActiveCfg = Debug|Any CPU
		{45F77656-607D-41A0-A952-053A6B9E0542}.Debug|Any CPU.Build.0 = Debug|Any CPU
		{45F77656-607D-41A0-A952-053A6B9E0542}.Release|Any CPU.ActiveCfg = Release|Any CPU
		{45F77656-607D-41A0-A952-053A6B9E0542}.Release|Any CPU.Build.0 = Release|Any CPU
		{45E96D1E-FAD9-4D4C-BACB-3CE2177AF0EF}.Debug|Any CPU.ActiveCfg = Debug|Any CPU
		{45E96D1E-FAD9-4D4C-BACB-3CE2177AF0EF}.Debug|Any CPU.Build.0 = Debug|Any CPU
		{45E96D1E-FAD9-4D4C-BACB-3CE2177AF0EF}.Release|Any CPU.ActiveCfg = Release|Any CPU
		{45E96D1E-FAD9-4D4C-BACB-3CE2177AF0EF}.Release|Any CPU.Build.0 = Release|Any CPU
		{7848673B-8876-4BF3-B4A1-E4224D156889}.Debug|Any CPU.ActiveCfg = Debug|Any CPU
		{7848673B-8876-4BF3-B4A1-E4224D156889}.Debug|Any CPU.Build.0 = Debug|Any CPU
		{7848673B-8876-4BF3-B4A1-E4224D156889}.Release|Any CPU.ActiveCfg = Release|Any CPU
		{7848673B-8876-4BF3-B4A1-E4224D156889}.Release|Any CPU.Build.0 = Release|Any CPU
		{48FD1192-8B1B-47C9-8E99-02E18C87EE11}.Debug|Any CPU.ActiveCfg = Debug|Any CPU
		{48FD1192-8B1B-47C9-8E99-02E18C87EE11}.Debug|Any CPU.Build.0 = Debug|Any CPU
		{48FD1192-8B1B-47C9-8E99-02E18C87EE11}.Release|Any CPU.ActiveCfg = Release|Any CPU
		{48FD1192-8B1B-47C9-8E99-02E18C87EE11}.Release|Any CPU.Build.0 = Release|Any CPU
		{44553565-0652-4344-BB9A-E2A3C368B782}.Debug|Any CPU.ActiveCfg = Debug|Any CPU
		{44553565-0652-4344-BB9A-E2A3C368B782}.Debug|Any CPU.Build.0 = Debug|Any CPU
		{44553565-0652-4344-BB9A-E2A3C368B782}.Release|Any CPU.ActiveCfg = Release|Any CPU
		{44553565-0652-4344-BB9A-E2A3C368B782}.Release|Any CPU.Build.0 = Release|Any CPU
		{BEB36087-C894-4546-BCA8-C762F91B9166}.Debug|Any CPU.ActiveCfg = Debug|Any CPU
		{BEB36087-C894-4546-BCA8-C762F91B9166}.Debug|Any CPU.Build.0 = Debug|Any CPU
		{BEB36087-C894-4546-BCA8-C762F91B9166}.Release|Any CPU.ActiveCfg = Release|Any CPU
		{BEB36087-C894-4546-BCA8-C762F91B9166}.Release|Any CPU.Build.0 = Release|Any CPU
		{650748FD-982E-471E-ABEA-8A9D679D0285}.Debug|Any CPU.ActiveCfg = Debug|Any CPU
		{650748FD-982E-471E-ABEA-8A9D679D0285}.Debug|Any CPU.Build.0 = Debug|Any CPU
		{650748FD-982E-471E-ABEA-8A9D679D0285}.Release|Any CPU.ActiveCfg = Release|Any CPU
		{650748FD-982E-471E-ABEA-8A9D679D0285}.Release|Any CPU.Build.0 = Release|Any CPU
		{4B050F50-A5D4-479F-9348-DB310BEE8652}.Debug|Any CPU.ActiveCfg = Debug|Any CPU
		{4B050F50-A5D4-479F-9348-DB310BEE8652}.Debug|Any CPU.Build.0 = Debug|Any CPU
		{4B050F50-A5D4-479F-9348-DB310BEE8652}.Release|Any CPU.ActiveCfg = Release|Any CPU
		{4B050F50-A5D4-479F-9348-DB310BEE8652}.Release|Any CPU.Build.0 = Release|Any CPU
		{0AB2B6BE-35A9-4E4B-9FDC-38539EC955D8}.Debug|Any CPU.ActiveCfg = Debug|Any CPU
		{0AB2B6BE-35A9-4E4B-9FDC-38539EC955D8}.Debug|Any CPU.Build.0 = Debug|Any CPU
		{0AB2B6BE-35A9-4E4B-9FDC-38539EC955D8}.Release|Any CPU.ActiveCfg = Release|Any CPU
		{0AB2B6BE-35A9-4E4B-9FDC-38539EC955D8}.Release|Any CPU.Build.0 = Release|Any CPU
		{738E725B-BC3A-4FFA-9D27-296A6C073F72}.Debug|Any CPU.ActiveCfg = Debug|Any CPU
		{738E725B-BC3A-4FFA-9D27-296A6C073F72}.Debug|Any CPU.Build.0 = Debug|Any CPU
		{738E725B-BC3A-4FFA-9D27-296A6C073F72}.Release|Any CPU.ActiveCfg = Release|Any CPU
		{738E725B-BC3A-4FFA-9D27-296A6C073F72}.Release|Any CPU.Build.0 = Release|Any CPU
		{6C6A803F-9310-4301-B728-5A146896B4F3}.Debug|Any CPU.ActiveCfg = Debug|Any CPU
		{6C6A803F-9310-4301-B728-5A146896B4F3}.Debug|Any CPU.Build.0 = Debug|Any CPU
		{6C6A803F-9310-4301-B728-5A146896B4F3}.Release|Any CPU.ActiveCfg = Release|Any CPU
		{6C6A803F-9310-4301-B728-5A146896B4F3}.Release|Any CPU.Build.0 = Release|Any CPU
		{80AF870D-DA42-4FE8-8004-89C6FF1A0E16}.Debug|Any CPU.ActiveCfg = Debug|Any CPU
		{80AF870D-DA42-4FE8-8004-89C6FF1A0E16}.Debug|Any CPU.Build.0 = Debug|Any CPU
		{80AF870D-DA42-4FE8-8004-89C6FF1A0E16}.Release|Any CPU.ActiveCfg = Release|Any CPU
		{80AF870D-DA42-4FE8-8004-89C6FF1A0E16}.Release|Any CPU.Build.0 = Release|Any CPU
		{2CD27CA2-DC35-4A10-848E-BB116E66A448}.Debug|Any CPU.ActiveCfg = Debug|Any CPU
		{2CD27CA2-DC35-4A10-848E-BB116E66A448}.Debug|Any CPU.Build.0 = Debug|Any CPU
		{2CD27CA2-DC35-4A10-848E-BB116E66A448}.Release|Any CPU.ActiveCfg = Release|Any CPU
		{2CD27CA2-DC35-4A10-848E-BB116E66A448}.Release|Any CPU.Build.0 = Release|Any CPU
		{39E57E37-7BC5-4695-818A-6D2B2D221E86}.Debug|Any CPU.ActiveCfg = Debug|Any CPU
		{39E57E37-7BC5-4695-818A-6D2B2D221E86}.Debug|Any CPU.Build.0 = Debug|Any CPU
		{39E57E37-7BC5-4695-818A-6D2B2D221E86}.Release|Any CPU.ActiveCfg = Release|Any CPU
		{39E57E37-7BC5-4695-818A-6D2B2D221E86}.Release|Any CPU.Build.0 = Release|Any CPU
		{037ADE7E-0C08-4A02-8B6C-10FFAD489AC0}.Debug|Any CPU.ActiveCfg = Debug|Any CPU
		{037ADE7E-0C08-4A02-8B6C-10FFAD489AC0}.Debug|Any CPU.Build.0 = Debug|Any CPU
		{037ADE7E-0C08-4A02-8B6C-10FFAD489AC0}.Release|Any CPU.ActiveCfg = Release|Any CPU
		{037ADE7E-0C08-4A02-8B6C-10FFAD489AC0}.Release|Any CPU.Build.0 = Release|Any CPU
		{54CA0EB6-3CB7-40D4-9099-7098CFF92E7E}.Debug|Any CPU.ActiveCfg = Debug|Any CPU
		{54CA0EB6-3CB7-40D4-9099-7098CFF92E7E}.Debug|Any CPU.Build.0 = Debug|Any CPU
		{54CA0EB6-3CB7-40D4-9099-7098CFF92E7E}.Release|Any CPU.ActiveCfg = Release|Any CPU
		{54CA0EB6-3CB7-40D4-9099-7098CFF92E7E}.Release|Any CPU.Build.0 = Release|Any CPU
		{AF5D62E2-F737-49F6-B8A5-F508666104B2}.Debug|Any CPU.ActiveCfg = Debug|Any CPU
		{AF5D62E2-F737-49F6-B8A5-F508666104B2}.Debug|Any CPU.Build.0 = Debug|Any CPU
		{AF5D62E2-F737-49F6-B8A5-F508666104B2}.Release|Any CPU.ActiveCfg = Release|Any CPU
		{AF5D62E2-F737-49F6-B8A5-F508666104B2}.Release|Any CPU.Build.0 = Release|Any CPU
		{B853CFA3-7AE8-48A2-A409-570FEA67B244}.Debug|Any CPU.ActiveCfg = Debug|Any CPU
		{B853CFA3-7AE8-48A2-A409-570FEA67B244}.Debug|Any CPU.Build.0 = Debug|Any CPU
		{B853CFA3-7AE8-48A2-A409-570FEA67B244}.Release|Any CPU.ActiveCfg = Release|Any CPU
		{B853CFA3-7AE8-48A2-A409-570FEA67B244}.Release|Any CPU.Build.0 = Release|Any CPU
		{763293FC-E487-4FE2-9795-F5CD926AC915}.Debug|Any CPU.ActiveCfg = Debug|Any CPU
		{763293FC-E487-4FE2-9795-F5CD926AC915}.Debug|Any CPU.Build.0 = Debug|Any CPU
		{763293FC-E487-4FE2-9795-F5CD926AC915}.Release|Any CPU.ActiveCfg = Release|Any CPU
		{763293FC-E487-4FE2-9795-F5CD926AC915}.Release|Any CPU.Build.0 = Release|Any CPU
		{C196BED2-735A-40F4-A5F2-956C3262E74F}.Debug|Any CPU.ActiveCfg = Debug|Any CPU
		{C196BED2-735A-40F4-A5F2-956C3262E74F}.Debug|Any CPU.Build.0 = Debug|Any CPU
		{C196BED2-735A-40F4-A5F2-956C3262E74F}.Release|Any CPU.ActiveCfg = Release|Any CPU
		{C196BED2-735A-40F4-A5F2-956C3262E74F}.Release|Any CPU.Build.0 = Release|Any CPU
		{BCF5CE2E-BC99-411A-884D-2CC14CACC9D8}.Debug|Any CPU.ActiveCfg = Debug|Any CPU
		{BCF5CE2E-BC99-411A-884D-2CC14CACC9D8}.Debug|Any CPU.Build.0 = Debug|Any CPU
		{BCF5CE2E-BC99-411A-884D-2CC14CACC9D8}.Release|Any CPU.ActiveCfg = Release|Any CPU
		{BCF5CE2E-BC99-411A-884D-2CC14CACC9D8}.Release|Any CPU.Build.0 = Release|Any CPU
		{D640FF72-9609-4D10-8371-199FF1C20D2D}.Debug|Any CPU.ActiveCfg = Debug|Any CPU
		{D640FF72-9609-4D10-8371-199FF1C20D2D}.Debug|Any CPU.Build.0 = Debug|Any CPU
		{D640FF72-9609-4D10-8371-199FF1C20D2D}.Release|Any CPU.ActiveCfg = Release|Any CPU
		{D640FF72-9609-4D10-8371-199FF1C20D2D}.Release|Any CPU.Build.0 = Release|Any CPU
		{DB44A765-1E32-462D-9A72-777386585EC2}.Debug|Any CPU.ActiveCfg = Debug|Any CPU
		{DB44A765-1E32-462D-9A72-777386585EC2}.Debug|Any CPU.Build.0 = Debug|Any CPU
		{DB44A765-1E32-462D-9A72-777386585EC2}.Release|Any CPU.ActiveCfg = Release|Any CPU
		{DB44A765-1E32-462D-9A72-777386585EC2}.Release|Any CPU.Build.0 = Release|Any CPU
		{FDFD561D-EBD8-4301-9D1C-77B4CC838451}.Debug|Any CPU.ActiveCfg = Debug|Any CPU
		{FDFD561D-EBD8-4301-9D1C-77B4CC838451}.Debug|Any CPU.Build.0 = Debug|Any CPU
		{FDFD561D-EBD8-4301-9D1C-77B4CC838451}.Release|Any CPU.ActiveCfg = Release|Any CPU
		{FDFD561D-EBD8-4301-9D1C-77B4CC838451}.Release|Any CPU.Build.0 = Release|Any CPU
		{DE6E4ECC-6D93-42BC-8E91-6B79D014679B}.Debug|Any CPU.ActiveCfg = Debug|Any CPU
		{DE6E4ECC-6D93-42BC-8E91-6B79D014679B}.Debug|Any CPU.Build.0 = Debug|Any CPU
		{DE6E4ECC-6D93-42BC-8E91-6B79D014679B}.Release|Any CPU.ActiveCfg = Release|Any CPU
		{DE6E4ECC-6D93-42BC-8E91-6B79D014679B}.Release|Any CPU.Build.0 = Release|Any CPU
		{92807DC8-F38B-44E2-AE6A-5AD7E1BF0BE9}.Debug|Any CPU.ActiveCfg = Debug|Any CPU
		{92807DC8-F38B-44E2-AE6A-5AD7E1BF0BE9}.Debug|Any CPU.Build.0 = Debug|Any CPU
		{92807DC8-F38B-44E2-AE6A-5AD7E1BF0BE9}.Release|Any CPU.ActiveCfg = Release|Any CPU
		{92807DC8-F38B-44E2-AE6A-5AD7E1BF0BE9}.Release|Any CPU.Build.0 = Release|Any CPU
		{A0CBDD35-807C-466A-8FFE-24AEBDBE04C3}.Debug|Any CPU.ActiveCfg = Debug|Any CPU
		{A0CBDD35-807C-466A-8FFE-24AEBDBE04C3}.Debug|Any CPU.Build.0 = Debug|Any CPU
		{A0CBDD35-807C-466A-8FFE-24AEBDBE04C3}.Release|Any CPU.ActiveCfg = Release|Any CPU
		{A0CBDD35-807C-466A-8FFE-24AEBDBE04C3}.Release|Any CPU.Build.0 = Release|Any CPU
		{BE2B9916-6365-4768-A2A2-4B4BF7E5FD91}.Debug|Any CPU.ActiveCfg = Debug|Any CPU
		{BE2B9916-6365-4768-A2A2-4B4BF7E5FD91}.Debug|Any CPU.Build.0 = Debug|Any CPU
		{BE2B9916-6365-4768-A2A2-4B4BF7E5FD91}.Release|Any CPU.ActiveCfg = Release|Any CPU
		{BE2B9916-6365-4768-A2A2-4B4BF7E5FD91}.Release|Any CPU.Build.0 = Release|Any CPU
		{56EE73B6-73D4-4326-A600-4DB70EAF8D1E}.Debug|Any CPU.ActiveCfg = Debug|Any CPU
		{56EE73B6-73D4-4326-A600-4DB70EAF8D1E}.Debug|Any CPU.Build.0 = Debug|Any CPU
		{56EE73B6-73D4-4326-A600-4DB70EAF8D1E}.Release|Any CPU.ActiveCfg = Release|Any CPU
		{56EE73B6-73D4-4326-A600-4DB70EAF8D1E}.Release|Any CPU.Build.0 = Release|Any CPU
		{25DC7581-3C0E-4C92-920D-3F7DB625D9DD}.Debug|Any CPU.ActiveCfg = Debug|Any CPU
		{25DC7581-3C0E-4C92-920D-3F7DB625D9DD}.Debug|Any CPU.Build.0 = Debug|Any CPU
		{25DC7581-3C0E-4C92-920D-3F7DB625D9DD}.Release|Any CPU.ActiveCfg = Release|Any CPU
		{25DC7581-3C0E-4C92-920D-3F7DB625D9DD}.Release|Any CPU.Build.0 = Release|Any CPU
		{5C349FFC-42D2-410A-BE1A-CDEB0F3A2D62}.Debug|Any CPU.ActiveCfg = Debug|Any CPU
		{5C349FFC-42D2-410A-BE1A-CDEB0F3A2D62}.Debug|Any CPU.Build.0 = Debug|Any CPU
		{5C349FFC-42D2-410A-BE1A-CDEB0F3A2D62}.Release|Any CPU.ActiveCfg = Release|Any CPU
		{5C349FFC-42D2-410A-BE1A-CDEB0F3A2D62}.Release|Any CPU.Build.0 = Release|Any CPU
		{5B97F7CC-5585-4FC9-871B-6E1F9D5E17C7}.Debug|Any CPU.ActiveCfg = Debug|Any CPU
		{5B97F7CC-5585-4FC9-871B-6E1F9D5E17C7}.Debug|Any CPU.Build.0 = Debug|Any CPU
		{5B97F7CC-5585-4FC9-871B-6E1F9D5E17C7}.Release|Any CPU.ActiveCfg = Release|Any CPU
		{5B97F7CC-5585-4FC9-871B-6E1F9D5E17C7}.Release|Any CPU.Build.0 = Release|Any CPU
		{21F35CAB-82A2-4376-A0C1-7740F53D2093}.Debug|Any CPU.ActiveCfg = Debug|Any CPU
		{21F35CAB-82A2-4376-A0C1-7740F53D2093}.Debug|Any CPU.Build.0 = Debug|Any CPU
		{21F35CAB-82A2-4376-A0C1-7740F53D2093}.Release|Any CPU.ActiveCfg = Release|Any CPU
		{21F35CAB-82A2-4376-A0C1-7740F53D2093}.Release|Any CPU.Build.0 = Release|Any CPU
		{185F787B-F9D5-4C63-BA05-7164EB3618FF}.Debug|Any CPU.ActiveCfg = Debug|Any CPU
		{185F787B-F9D5-4C63-BA05-7164EB3618FF}.Debug|Any CPU.Build.0 = Debug|Any CPU
		{185F787B-F9D5-4C63-BA05-7164EB3618FF}.Release|Any CPU.ActiveCfg = Release|Any CPU
		{185F787B-F9D5-4C63-BA05-7164EB3618FF}.Release|Any CPU.Build.0 = Release|Any CPU
		{C6E2C1E1-AD51-4A35-BE34-A7D6EE529094}.Debug|Any CPU.ActiveCfg = Debug|Any CPU
		{C6E2C1E1-AD51-4A35-BE34-A7D6EE529094}.Debug|Any CPU.Build.0 = Debug|Any CPU
		{C6E2C1E1-AD51-4A35-BE34-A7D6EE529094}.Release|Any CPU.ActiveCfg = Release|Any CPU
		{C6E2C1E1-AD51-4A35-BE34-A7D6EE529094}.Release|Any CPU.Build.0 = Release|Any CPU
		{9F312604-21E6-4659-84BA-27F7C4F7D10B}.Debug|Any CPU.ActiveCfg = Debug|Any CPU
		{9F312604-21E6-4659-84BA-27F7C4F7D10B}.Debug|Any CPU.Build.0 = Debug|Any CPU
		{9F312604-21E6-4659-84BA-27F7C4F7D10B}.Release|Any CPU.ActiveCfg = Release|Any CPU
		{9F312604-21E6-4659-84BA-27F7C4F7D10B}.Release|Any CPU.Build.0 = Release|Any CPU
		{05A8CB57-0B34-48B9-88AB-D1AA50E56330}.Debug|Any CPU.ActiveCfg = Debug|Any CPU
		{05A8CB57-0B34-48B9-88AB-D1AA50E56330}.Debug|Any CPU.Build.0 = Debug|Any CPU
		{05A8CB57-0B34-48B9-88AB-D1AA50E56330}.Release|Any CPU.ActiveCfg = Release|Any CPU
		{05A8CB57-0B34-48B9-88AB-D1AA50E56330}.Release|Any CPU.Build.0 = Release|Any CPU
		{618DF542-418D-41F0-B71E-88FA428E9D51}.Debug|Any CPU.ActiveCfg = Debug|Any CPU
		{618DF542-418D-41F0-B71E-88FA428E9D51}.Debug|Any CPU.Build.0 = Debug|Any CPU
		{618DF542-418D-41F0-B71E-88FA428E9D51}.Release|Any CPU.ActiveCfg = Release|Any CPU
		{618DF542-418D-41F0-B71E-88FA428E9D51}.Release|Any CPU.Build.0 = Release|Any CPU
		{D8DDF3F4-748B-4C5C-B4A7-789887EACD78}.Debug|Any CPU.ActiveCfg = Debug|Any CPU
		{D8DDF3F4-748B-4C5C-B4A7-789887EACD78}.Debug|Any CPU.Build.0 = Debug|Any CPU
		{D8DDF3F4-748B-4C5C-B4A7-789887EACD78}.Release|Any CPU.ActiveCfg = Release|Any CPU
		{D8DDF3F4-748B-4C5C-B4A7-789887EACD78}.Release|Any CPU.Build.0 = Release|Any CPU
		{AA4BE7AA-5137-470B-8ADE-916DB58EF2CE}.Debug|Any CPU.ActiveCfg = Debug|Any CPU
		{AA4BE7AA-5137-470B-8ADE-916DB58EF2CE}.Debug|Any CPU.Build.0 = Debug|Any CPU
		{AA4BE7AA-5137-470B-8ADE-916DB58EF2CE}.Release|Any CPU.ActiveCfg = Release|Any CPU
		{AA4BE7AA-5137-470B-8ADE-916DB58EF2CE}.Release|Any CPU.Build.0 = Release|Any CPU
		{A4AC6A10-CB6D-4FED-848B-D7E24F86D0BC}.Debug|Any CPU.ActiveCfg = Debug|Any CPU
		{A4AC6A10-CB6D-4FED-848B-D7E24F86D0BC}.Debug|Any CPU.Build.0 = Debug|Any CPU
		{A4AC6A10-CB6D-4FED-848B-D7E24F86D0BC}.Release|Any CPU.ActiveCfg = Release|Any CPU
		{A4AC6A10-CB6D-4FED-848B-D7E24F86D0BC}.Release|Any CPU.Build.0 = Release|Any CPU
		{D428397E-E392-4469-ADF5-D09B824D61F0}.Debug|Any CPU.ActiveCfg = Debug|Any CPU
		{D428397E-E392-4469-ADF5-D09B824D61F0}.Debug|Any CPU.Build.0 = Debug|Any CPU
		{D428397E-E392-4469-ADF5-D09B824D61F0}.Release|Any CPU.ActiveCfg = Release|Any CPU
		{D428397E-E392-4469-ADF5-D09B824D61F0}.Release|Any CPU.Build.0 = Release|Any CPU
		{B75456C4-C17C-4E45-81AB-C8ABA61F91BE}.Debug|Any CPU.ActiveCfg = Debug|iPhoneSimulator
		{B75456C4-C17C-4E45-81AB-C8ABA61F91BE}.Debug|Any CPU.Build.0 = Debug|iPhoneSimulator
		{B75456C4-C17C-4E45-81AB-C8ABA61F91BE}.Release|Any CPU.ActiveCfg = Release|iPhoneSimulator
		{B75456C4-C17C-4E45-81AB-C8ABA61F91BE}.Release|Any CPU.Build.0 = Release|iPhoneSimulator
		{8D7D8B99-C19D-4E85-A349-68E4067057B3}.Debug|Any CPU.ActiveCfg = Debug|Any CPU
		{8D7D8B99-C19D-4E85-A349-68E4067057B3}.Debug|Any CPU.Build.0 = Debug|Any CPU
		{8D7D8B99-C19D-4E85-A349-68E4067057B3}.Release|Any CPU.ActiveCfg = Release|Any CPU
		{8D7D8B99-C19D-4E85-A349-68E4067057B3}.Release|Any CPU.Build.0 = Release|Any CPU
		{820D9472-90AF-4E2E-B0D0-4C6F52BE06D2}.Debug|Any CPU.ActiveCfg = Debug|Any CPU
		{820D9472-90AF-4E2E-B0D0-4C6F52BE06D2}.Debug|Any CPU.Build.0 = Debug|Any CPU
		{820D9472-90AF-4E2E-B0D0-4C6F52BE06D2}.Release|Any CPU.ActiveCfg = Release|Any CPU
		{820D9472-90AF-4E2E-B0D0-4C6F52BE06D2}.Release|Any CPU.Build.0 = Release|Any CPU
		{C628197A-9913-44D8-954B-E8A40CFC3860}.Debug|Any CPU.ActiveCfg = Debug|Any CPU
		{C628197A-9913-44D8-954B-E8A40CFC3860}.Debug|Any CPU.Build.0 = Debug|Any CPU
		{C628197A-9913-44D8-954B-E8A40CFC3860}.Release|Any CPU.ActiveCfg = Release|Any CPU
		{C628197A-9913-44D8-954B-E8A40CFC3860}.Release|Any CPU.Build.0 = Release|Any CPU
		{0B631D16-AB24-411C-A0FB-6A085CBB8ACD}.Debug|Any CPU.ActiveCfg = Debug|Any CPU
		{0B631D16-AB24-411C-A0FB-6A085CBB8ACD}.Debug|Any CPU.Build.0 = Debug|Any CPU
		{0B631D16-AB24-411C-A0FB-6A085CBB8ACD}.Release|Any CPU.ActiveCfg = Release|Any CPU
		{0B631D16-AB24-411C-A0FB-6A085CBB8ACD}.Release|Any CPU.Build.0 = Release|Any CPU
		{8F7A702B-97D0-420C-9696-3AC1339C540F}.Debug|Any CPU.ActiveCfg = Debug|Any CPU
		{8F7A702B-97D0-420C-9696-3AC1339C540F}.Debug|Any CPU.Build.0 = Debug|Any CPU
		{8F7A702B-97D0-420C-9696-3AC1339C540F}.Release|Any CPU.ActiveCfg = Release|Any CPU
		{8F7A702B-97D0-420C-9696-3AC1339C540F}.Release|Any CPU.Build.0 = Release|Any CPU
		{1A267735-A6F3-4CCC-8D92-5D50A3E90689}.Debug|Any CPU.ActiveCfg = Debug|Any CPU
		{1A267735-A6F3-4CCC-8D92-5D50A3E90689}.Debug|Any CPU.Build.0 = Debug|Any CPU
		{1A267735-A6F3-4CCC-8D92-5D50A3E90689}.Release|Any CPU.ActiveCfg = Release|Any CPU
		{1A267735-A6F3-4CCC-8D92-5D50A3E90689}.Release|Any CPU.Build.0 = Release|Any CPU
		{4A11FD23-B957-42B8-851A-2C2431162453}.Debug|Any CPU.ActiveCfg = Debug|Any CPU
		{4A11FD23-B957-42B8-851A-2C2431162453}.Debug|Any CPU.Build.0 = Debug|Any CPU
		{4A11FD23-B957-42B8-851A-2C2431162453}.Release|Any CPU.ActiveCfg = Release|Any CPU
		{4A11FD23-B957-42B8-851A-2C2431162453}.Release|Any CPU.Build.0 = Release|Any CPU
	EndGlobalSection
	GlobalSection(NestedProjects) = preSolution
		{C196BED2-735A-40F4-A5F2-956C3262E74F} = {6492359D-9666-4079-B8C7-7D7BDD9E4682}
		{BCF5CE2E-BC99-411A-884D-2CC14CACC9D8} = {6492359D-9666-4079-B8C7-7D7BDD9E4682}
		{B853CFA3-7AE8-48A2-A409-570FEA67B244} = {6492359D-9666-4079-B8C7-7D7BDD9E4682}
		{763293FC-E487-4FE2-9795-F5CD926AC915} = {6492359D-9666-4079-B8C7-7D7BDD9E4682}
		{FDFD561D-EBD8-4301-9D1C-77B4CC838451} = {6492359D-9666-4079-B8C7-7D7BDD9E4682}
		{DE6E4ECC-6D93-42BC-8E91-6B79D014679B} = {6492359D-9666-4079-B8C7-7D7BDD9E4682}
		{D640FF72-9609-4D10-8371-199FF1C20D2D} = {6492359D-9666-4079-B8C7-7D7BDD9E4682}
		{DB44A765-1E32-462D-9A72-777386585EC2} = {6492359D-9666-4079-B8C7-7D7BDD9E4682}
		{BE2B9916-6365-4768-A2A2-4B4BF7E5FD91} = {6492359D-9666-4079-B8C7-7D7BDD9E4682}
		{92807DC8-F38B-44E2-AE6A-5AD7E1BF0BE9} = {6492359D-9666-4079-B8C7-7D7BDD9E4682}
		{A0CBDD35-807C-466A-8FFE-24AEBDBE04C3} = {6492359D-9666-4079-B8C7-7D7BDD9E4682}
		{48FD1192-8B1B-47C9-8E99-02E18C87EE11} = {6492359D-9666-4079-B8C7-7D7BDD9E4682}
		{44553565-0652-4344-BB9A-E2A3C368B782} = {6492359D-9666-4079-B8C7-7D7BDD9E4682}
		{45E96D1E-FAD9-4D4C-BACB-3CE2177AF0EF} = {6492359D-9666-4079-B8C7-7D7BDD9E4682}
		{7848673B-8876-4BF3-B4A1-E4224D156889} = {6492359D-9666-4079-B8C7-7D7BDD9E4682}
		{4B050F50-A5D4-479F-9348-DB310BEE8652} = {6492359D-9666-4079-B8C7-7D7BDD9E4682}
		{0AB2B6BE-35A9-4E4B-9FDC-38539EC955D8} = {6492359D-9666-4079-B8C7-7D7BDD9E4682}
		{BEB36087-C894-4546-BCA8-C762F91B9166} = {6492359D-9666-4079-B8C7-7D7BDD9E4682}
		{650748FD-982E-471E-ABEA-8A9D679D0285} = {6492359D-9666-4079-B8C7-7D7BDD9E4682}
		{80AF870D-DA42-4FE8-8004-89C6FF1A0E16} = {6492359D-9666-4079-B8C7-7D7BDD9E4682}
		{2CD27CA2-DC35-4A10-848E-BB116E66A448} = {6492359D-9666-4079-B8C7-7D7BDD9E4682}
		{738E725B-BC3A-4FFA-9D27-296A6C073F72} = {6492359D-9666-4079-B8C7-7D7BDD9E4682}
		{6C6A803F-9310-4301-B728-5A146896B4F3} = {6492359D-9666-4079-B8C7-7D7BDD9E4682}
		{7EAA0EC2-D5D6-413F-A6C9-BA6266E88FB6} = {6492359D-9666-4079-B8C7-7D7BDD9E4682}
		{54CA0EB6-3CB7-40D4-9099-7098CFF92E7E} = {6492359D-9666-4079-B8C7-7D7BDD9E4682}
		{45F77656-607D-41A0-A952-053A6B9E0542} = {6492359D-9666-4079-B8C7-7D7BDD9E4682}
		{AF5D62E2-F737-49F6-B8A5-F508666104B2} = {6492359D-9666-4079-B8C7-7D7BDD9E4682}
		{39E57E37-7BC5-4695-818A-6D2B2D221E86} = {6492359D-9666-4079-B8C7-7D7BDD9E4682}
		{56EE73B6-73D4-4326-A600-4DB70EAF8D1E} = {6492359D-9666-4079-B8C7-7D7BDD9E4682}
		{037ADE7E-0C08-4A02-8B6C-10FFAD489AC0} = {6492359D-9666-4079-B8C7-7D7BDD9E4682}
		{25DC7581-3C0E-4C92-920D-3F7DB625D9DD} = {6BD676ED-7014-4E30-B8BD-B17FFD831D10}
		{5C349FFC-42D2-410A-BE1A-CDEB0F3A2D62} = {6BD676ED-7014-4E30-B8BD-B17FFD831D10}
		{A44F8096-6056-4A9B-BFB4-D9A6B74089A3} = {9F7EC9D1-3300-47D7-A965-FA8FDA428BC9}
		{33BFA4A0-57E3-4495-B271-0C79B50AF6D9} = {9F7EC9D1-3300-47D7-A965-FA8FDA428BC9}
		{FF833F60-B542-4E00-AA07-0A8530A06BB2} = {9F7EC9D1-3300-47D7-A965-FA8FDA428BC9}
		{8ED860A4-16FB-422E-8645-87301B88003E} = {9F7EC9D1-3300-47D7-A965-FA8FDA428BC9}
		{5B97F7CC-5585-4FC9-871B-6E1F9D5E17C7} = {A44F8096-6056-4A9B-BFB4-D9A6B74089A3}
		{21F35CAB-82A2-4376-A0C1-7740F53D2093} = {0978106D-59DA-4C93-91FD-14C346895A70}
		{185F787B-F9D5-4C63-BA05-7164EB3618FF} = {6BD676ED-7014-4E30-B8BD-B17FFD831D10}
		{C91DD0BB-6002-4089-B1AF-B65BDD4F4CC5} = {6BD676ED-7014-4E30-B8BD-B17FFD831D10}
		{C6E2C1E1-AD51-4A35-BE34-A7D6EE529094} = {C91DD0BB-6002-4089-B1AF-B65BDD4F4CC5}
		{9F312604-21E6-4659-84BA-27F7C4F7D10B} = {C91DD0BB-6002-4089-B1AF-B65BDD4F4CC5}
		{05A8CB57-0B34-48B9-88AB-D1AA50E56330} = {C91DD0BB-6002-4089-B1AF-B65BDD4F4CC5}
		{618DF542-418D-41F0-B71E-88FA428E9D51} = {C91DD0BB-6002-4089-B1AF-B65BDD4F4CC5}
		{D8DDF3F4-748B-4C5C-B4A7-789887EACD78} = {C91DD0BB-6002-4089-B1AF-B65BDD4F4CC5}
		{AA4BE7AA-5137-470B-8ADE-916DB58EF2CE} = {FF833F60-B542-4E00-AA07-0A8530A06BB2}
		{A4AC6A10-CB6D-4FED-848B-D7E24F86D0BC} = {8ED860A4-16FB-422E-8645-87301B88003E}
		{D428397E-E392-4469-ADF5-D09B824D61F0} = {8ED860A4-16FB-422E-8645-87301B88003E}
		{B75456C4-C17C-4E45-81AB-C8ABA61F91BE} = {8ED860A4-16FB-422E-8645-87301B88003E}
		{8D7D8B99-C19D-4E85-A349-68E4067057B3} = {33BFA4A0-57E3-4495-B271-0C79B50AF6D9}
		{820D9472-90AF-4E2E-B0D0-4C6F52BE06D2} = {B3BA0582-7277-4337-854F-D818B8072391}
		{C628197A-9913-44D8-954B-E8A40CFC3860} = {B3BA0582-7277-4337-854F-D818B8072391}
		{0B631D16-AB24-411C-A0FB-6A085CBB8ACD} = {B3BA0582-7277-4337-854F-D818B8072391}
		{8F7A702B-97D0-420C-9696-3AC1339C540F} = {B3BA0582-7277-4337-854F-D818B8072391}
		{3F7976A5-38A3-4294-8756-92EFE74F2A2B} = {7D88DCDF-3E77-4EBD-BA06-CF7DB8C85897}
		{1A267735-A6F3-4CCC-8D92-5D50A3E90689} = {3F7976A5-38A3-4294-8756-92EFE74F2A2B}
		{4A11FD23-B957-42B8-851A-2C2431162453} = {B3BA0582-7277-4337-854F-D818B8072391}
	EndGlobalSection
EndGlobal
